
Microsoft Visual Studio Solution File, Format Version 12.00
# Visual Studio Version 17
VisualStudioVersion = 17.4.33213.308
MinimumVisualStudioVersion = 10.0.40219.1
Project("{FAE04EC0-301F-11D3-BF4B-00C04F79EFBC}") = "dz1 ticket", "dz1 ticket\dz1 ticket.csproj", "{7393CBFF-AC31-4CD6-8750-8BBEAD038D0D}"
EndProject
Global
	GlobalSection(SolutionConfigurationPlatforms) = preSolution
		Debug|Any CPU = Debug|Any CPU
		Release|Any CPU = Release|Any CPU
	EndGlobalSection
	GlobalSection(ProjectConfigurationPlatforms) = postSolution
		{7393CBFF-AC31-4CD6-8750-8BBEAD038D0D}.Debug|Any CPU.ActiveCfg = Debug|Any CPU
		{7393CBFF-AC31-4CD6-8750-8BBEAD038D0D}.Debug|Any CPU.Build.0 = Debug|Any CPU
		{7393CBFF-AC31-4CD6-8750-8BBEAD038D0D}.Release|Any CPU.ActiveCfg = Release|Any CPU
		{7393CBFF-AC31-4CD6-8750-8BBEAD038D0D}.Release|Any CPU.Build.0 = Release|Any CPU
	EndGlobalSection
	GlobalSection(SolutionProperties) = preSolution
		HideSolutionNode = FALSE
	EndGlobalSection
	GlobalSection(ExtensibilityGlobals) = postSolution
		SolutionGuid = {1BDC3177-8549-4FCE-9E5B-65D08DE7E25A}
	EndGlobalSection
EndGlobal
